// !$*UTF8*$!
{
	archiveVersion = 1;
	classes = {
	};
	objectVersion = 50;
	objects = {

/* Begin PBXBuildFile section */
		349C8EC222EBAF730037202B /* AppDelegate.swift in Sources */ = {isa = PBXBuildFile; fileRef = 349C8EC122EBAF730037202B /* AppDelegate.swift */; };
		349C8EC422EBAF730037202B /* ViewController.swift in Sources */ = {isa = PBXBuildFile; fileRef = 349C8EC322EBAF730037202B /* ViewController.swift */; };
		349C8EC722EBAF730037202B /* Main.storyboard in Resources */ = {isa = PBXBuildFile; fileRef = 349C8EC522EBAF730037202B /* Main.storyboard */; };
		349C8EC922EBAF740037202B /* Assets.xcassets in Resources */ = {isa = PBXBuildFile; fileRef = 349C8EC822EBAF740037202B /* Assets.xcassets */; };
		349C8ECC22EBAF740037202B /* LaunchScreen.storyboard in Resources */ = {isa = PBXBuildFile; fileRef = 349C8ECA22EBAF740037202B /* LaunchScreen.storyboard */; };
		349C8ED722EBAF750037202B /* pruebagitTests.swift in Sources */ = {isa = PBXBuildFile; fileRef = 349C8ED622EBAF750037202B /* pruebagitTests.swift */; };
		349C8EE222EBAF750037202B /* pruebagitUITests.swift in Sources */ = {isa = PBXBuildFile; fileRef = 349C8EE122EBAF750037202B /* pruebagitUITests.swift */; };
/* End PBXBuildFile section */

/* Begin PBXContainerItemProxy section */
		349C8ED322EBAF750037202B /* PBXContainerItemProxy */ = {
			isa = PBXContainerItemProxy;
			containerPortal = 349C8EB622EBAF730037202B /* Project object */;
			proxyType = 1;
			remoteGlobalIDString = 349C8EBD22EBAF730037202B;
			remoteInfo = pruebagit;
		};
		349C8EDE22EBAF750037202B /* PBXContainerItemProxy */ = {
			isa = PBXContainerItemProxy;
			containerPortal = 349C8EB622EBAF730037202B /* Project object */;
			proxyType = 1;
			remoteGlobalIDString = 349C8EBD22EBAF730037202B;
			remoteInfo = pruebagit;
		};
/* End PBXContainerItemProxy section */

/* Begin PBXFileReference section */
		349C8EBE22EBAF730037202B /* pruebagit.app */ = {isa = PBXFileReference; explicitFileType = wrapper.application; includeInIndex = 0; path = pruebagit.app; sourceTree = BUILT_PRODUCTS_DIR; };
		349C8EC122EBAF730037202B /* AppDelegate.swift */ = {isa = PBXFileReference; lastKnownFileType = sourcecode.swift; path = AppDelegate.swift; sourceTree = "<group>"; };
		349C8EC322EBAF730037202B /* ViewController.swift */ = {isa = PBXFileReference; lastKnownFileType = sourcecode.swift; path = ViewController.swift; sourceTree = "<group>"; };
		349C8EC622EBAF730037202B /* Base */ = {isa = PBXFileReference; lastKnownFileType = file.storyboard; name = Base; path = Base.lproj/Main.storyboard; sourceTree = "<group>"; };
		349C8EC822EBAF740037202B /* Assets.xcassets */ = {isa = PBXFileReference; lastKnownFileType = folder.assetcatalog; path = Assets.xcassets; sourceTree = "<group>"; };
		349C8ECB22EBAF740037202B /* Base */ = {isa = PBXFileReference; lastKnownFileType = file.storyboard; name = Base; path = Base.lproj/LaunchScreen.storyboard; sourceTree = "<group>"; };
		349C8ECD22EBAF740037202B /* Info.plist */ = {isa = PBXFileReference; lastKnownFileType = text.plist.xml; path = Info.plist; sourceTree = "<group>"; };
		349C8ED222EBAF750037202B /* pruebagitTests.xctest */ = {isa = PBXFileReference; explicitFileType = wrapper.cfbundle; includeInIndex = 0; path = pruebagitTests.xctest; sourceTree = BUILT_PRODUCTS_DIR; };
		349C8ED622EBAF750037202B /* pruebagitTests.swift */ = {isa = PBXFileReference; lastKnownFileType = sourcecode.swift; path = pruebagitTests.swift; sourceTree = "<group>"; };
		349C8ED822EBAF750037202B /* Info.plist */ = {isa = PBXFileReference; lastKnownFileType = text.plist.xml; path = Info.plist; sourceTree = "<group>"; };
		349C8EDD22EBAF750037202B /* pruebagitUITests.xctest */ = {isa = PBXFileReference; explicitFileType = wrapper.cfbundle; includeInIndex = 0; path = pruebagitUITests.xctest; sourceTree = BUILT_PRODUCTS_DIR; };
		349C8EE122EBAF750037202B /* pruebagitUITests.swift */ = {isa = PBXFileReference; lastKnownFileType = sourcecode.swift; path = pruebagitUITests.swift; sourceTree = "<group>"; };
		349C8EE322EBAF750037202B /* Info.plist */ = {isa = PBXFileReference; lastKnownFileType = text.plist.xml; path = Info.plist; sourceTree = "<group>"; };
/* End PBXFileReference section */

/* Begin PBXFrameworksBuildPhase section */
		349C8EBB22EBAF730037202B /* Frameworks */ = {
			isa = PBXFrameworksBuildPhase;
			buildActionMask = 2147483647;
			files = (
			);
			runOnlyForDeploymentPostprocessing = 0;
		};
		349C8ECF22EBAF750037202B /* Frameworks */ = {
			isa = PBXFrameworksBuildPhase;
			buildActionMask = 2147483647;
			files = (
			);
			runOnlyForDeploymentPostprocessing = 0;
		};
		349C8EDA22EBAF750037202B /* Frameworks */ = {
			isa = PBXFrameworksBuildPhase;
			buildActionMask = 2147483647;
			files = (
			);
			runOnlyForDeploymentPostprocessing = 0;
		};
/* End PBXFrameworksBuildPhase section */

/* Begin PBXGroup section */
		349C8EB522EBAF730037202B = {
			isa = PBXGroup;
			children = (
				349C8EC022EBAF730037202B /* pruebagit */,
				349C8ED522EBAF750037202B /* pruebagitTests */,
				349C8EE022EBAF750037202B /* pruebagitUITests */,
				349C8EBF22EBAF730037202B /* Products */,
			);
			sourceTree = "<group>";
		};
		349C8EBF22EBAF730037202B /* Products */ = {
			isa = PBXGroup;
			children = (
				349C8EBE22EBAF730037202B /* pruebagit.app */,
				349C8ED222EBAF750037202B /* pruebagitTests.xctest */,
				349C8EDD22EBAF750037202B /* pruebagitUITests.xctest */,
			);
			name = Products;
			sourceTree = "<group>";
		};
		349C8EC022EBAF730037202B /* pruebagit */ = {
			isa = PBXGroup;
			children = (
				349C8EC122EBAF730037202B /* AppDelegate.swift */,
				349C8EC322EBAF730037202B /* ViewController.swift */,
				349C8EC522EBAF730037202B /* Main.storyboard */,
				349C8EC822EBAF740037202B /* Assets.xcassets */,
				349C8ECA22EBAF740037202B /* LaunchScreen.storyboard */,
				349C8ECD22EBAF740037202B /* Info.plist */,
			);
			path = pruebagit;
			sourceTree = "<group>";
		};
		349C8ED522EBAF750037202B /* pruebagitTests */ = {
			isa = PBXGroup;
			children = (
				349C8ED622EBAF750037202B /* pruebagitTests.swift */,
				349C8ED822EBAF750037202B /* Info.plist */,
			);
			path = pruebagitTests;
			sourceTree = "<group>";
		};
		349C8EE022EBAF750037202B /* pruebagitUITests */ = {
			isa = PBXGroup;
			children = (
				349C8EE122EBAF750037202B /* pruebagitUITests.swift */,
				349C8EE322EBAF750037202B /* Info.plist */,
			);
			path = pruebagitUITests;
			sourceTree = "<group>";
		};
/* End PBXGroup section */

/* Begin PBXNativeTarget section */
		349C8EBD22EBAF730037202B /* pruebagit */ = {
			isa = PBXNativeTarget;
			buildConfigurationList = 349C8EE622EBAF750037202B /* Build configuration list for PBXNativeTarget "pruebagit" */;
			buildPhases = (
				349C8EBA22EBAF730037202B /* Sources */,
				349C8EBB22EBAF730037202B /* Frameworks */,
				349C8EBC22EBAF730037202B /* Resources */,
			);
			buildRules = (
			);
			dependencies = (
			);
			name = pruebagit;
			productName = pruebagit;
			productReference = 349C8EBE22EBAF730037202B /* pruebagit.app */;
			productType = "com.apple.product-type.application";
		};
		349C8ED122EBAF750037202B /* pruebagitTests */ = {
			isa = PBXNativeTarget;
			buildConfigurationList = 349C8EE922EBAF750037202B /* Build configuration list for PBXNativeTarget "pruebagitTests" */;
			buildPhases = (
				349C8ECE22EBAF750037202B /* Sources */,
				349C8ECF22EBAF750037202B /* Frameworks */,
				349C8ED022EBAF750037202B /* Resources */,
			);
			buildRules = (
			);
			dependencies = (
				349C8ED422EBAF750037202B /* PBXTargetDependency */,
			);
			name = pruebagitTests;
			productName = pruebagitTests;
			productReference = 349C8ED222EBAF750037202B /* pruebagitTests.xctest */;
			productType = "com.apple.product-type.bundle.unit-test";
		};
		349C8EDC22EBAF750037202B /* pruebagitUITests */ = {
			isa = PBXNativeTarget;
			buildConfigurationList = 349C8EEC22EBAF750037202B /* Build configuration list for PBXNativeTarget "pruebagitUITests" */;
			buildPhases = (
				349C8ED922EBAF750037202B /* Sources */,
				349C8EDA22EBAF750037202B /* Frameworks */,
				349C8EDB22EBAF750037202B /* Resources */,
			);
			buildRules = (
			);
			dependencies = (
				349C8EDF22EBAF750037202B /* PBXTargetDependency */,
			);
			name = pruebagitUITests;
			productName = pruebagitUITests;
			productReference = 349C8EDD22EBAF750037202B /* pruebagitUITests.xctest */;
			productType = "com.apple.product-type.bundle.ui-testing";
		};
/* End PBXNativeTarget section */

/* Begin PBXProject section */
		349C8EB622EBAF730037202B /* Project object */ = {
			isa = PBXProject;
			attributes = {
				LastSwiftUpdateCheck = 0940;
				LastUpgradeCheck = 0940;
				ORGANIZATIONNAME = "Saul Ruiz";
				TargetAttributes = {
					349C8EBD22EBAF730037202B = {
						CreatedOnToolsVersion = 9.4.1;
					};
					349C8ED122EBAF750037202B = {
						CreatedOnToolsVersion = 9.4.1;
						TestTargetID = 349C8EBD22EBAF730037202B;
					};
					349C8EDC22EBAF750037202B = {
						CreatedOnToolsVersion = 9.4.1;
						TestTargetID = 349C8EBD22EBAF730037202B;
					};
				};
			};
			buildConfigurationList = 349C8EB922EBAF730037202B /* Build configuration list for PBXProject "pruebagit" */;
			compatibilityVersion = "Xcode 9.3";
			developmentRegion = en;
			hasScannedForEncodings = 0;
			knownRegions = (
				en,
				Base,
			);
			mainGroup = 349C8EB522EBAF730037202B;
			productRefGroup = 349C8EBF22EBAF730037202B /* Products */;
			projectDirPath = "";
			projectRoot = "";
			targets = (
				349C8EBD22EBAF730037202B /* pruebagit */,
				349C8ED122EBAF750037202B /* pruebagitTests */,
				349C8EDC22EBAF750037202B /* pruebagitUITests */,
			);
		};
/* End PBXProject section */

/* Begin PBXResourcesBuildPhase section */
		349C8EBC22EBAF730037202B /* Resources */ = {
			isa = PBXResourcesBuildPhase;
			buildActionMask = 2147483647;
			files = (
				349C8ECC22EBAF740037202B /* LaunchScreen.storyboard in Resources */,
				349C8EC922EBAF740037202B /* Assets.xcassets in Resources */,
				349C8EC722EBAF730037202B /* Main.storyboard in Resources */,
			);
			runOnlyForDeploymentPostprocessing = 0;
		};
		349C8ED022EBAF750037202B /* Resources */ = {
			isa = PBXResourcesBuildPhase;
			buildActionMask = 2147483647;
			files = (
			);
			runOnlyForDeploymentPostprocessing = 0;
		};
		349C8EDB22EBAF750037202B /* Resources */ = {
			isa = PBXResourcesBuildPhase;
			buildActionMask = 2147483647;
			files = (
			);
			runOnlyForDeploymentPostprocessing = 0;
		};
/* End PBXResourcesBuildPhase section */

/* Begin PBXSourcesBuildPhase section */
		349C8EBA22EBAF730037202B /* Sources */ = {
			isa = PBXSourcesBuildPhase;
			buildActionMask = 2147483647;
			files = (
				349C8EC422EBAF730037202B /* ViewController.swift in Sources */,
				349C8EC222EBAF730037202B /* AppDelegate.swift in Sources */,
			);
			runOnlyForDeploymentPostprocessing = 0;
		};
		349C8ECE22EBAF750037202B /* Sources */ = {
			isa = PBXSourcesBuildPhase;
			buildActionMask = 2147483647;
			files = (
				349C8ED722EBAF750037202B /* pruebagitTests.swift in Sources */,
			);
			runOnlyForDeploymentPostprocessing = 0;
		};
		349C8ED922EBAF750037202B /* Sources */ = {
			isa = PBXSourcesBuildPhase;
			buildActionMask = 2147483647;
			files = (
				349C8EE222EBAF750037202B /* pruebagitUITests.swift in Sources */,
			);
			runOnlyForDeploymentPostprocessing = 0;
		};
/* End PBXSourcesBuildPhase section */

/* Begin PBXTargetDependency section */
		349C8ED422EBAF750037202B /* PBXTargetDependency */ = {
			isa = PBXTargetDependency;
			target = 349C8EBD22EBAF730037202B /* pruebagit */;
			targetProxy = 349C8ED322EBAF750037202B /* PBXContainerItemProxy */;
		};
		349C8EDF22EBAF750037202B /* PBXTargetDependency */ = {
			isa = PBXTargetDependency;
			target = 349C8EBD22EBAF730037202B /* pruebagit */;
			targetProxy = 349C8EDE22EBAF750037202B /* PBXContainerItemProxy */;
		};
/* End PBXTargetDependency section */

/* Begin PBXVariantGroup section */
		349C8EC522EBAF730037202B /* Main.storyboard */ = {
			isa = PBXVariantGroup;
			children = (
				349C8EC622EBAF730037202B /* Base */,
			);
			name = Main.storyboard;
			sourceTree = "<group>";
		};
		349C8ECA22EBAF740037202B /* LaunchScreen.storyboard */ = {
			isa = PBXVariantGroup;
			children = (
				349C8ECB22EBAF740037202B /* Base */,
			);
			name = LaunchScreen.storyboard;
			sourceTree = "<group>";
		};
/* End PBXVariantGroup section */

/* Begin XCBuildConfiguration section */
		349C8EE422EBAF750037202B /* Debug */ = {
			isa = XCBuildConfiguration;
			buildSettings = {
				ALWAYS_SEARCH_USER_PATHS = NO;
				CLANG_ANALYZER_NONNULL = YES;
				CLANG_ANALYZER_NUMBER_OBJECT_CONVERSION = YES_AGGRESSIVE;
				CLANG_CXX_LANGUAGE_STANDARD = "gnu++14";
				CLANG_CXX_LIBRARY = "libc++";
				CLANG_ENABLE_MODULES = YES;
				CLANG_ENABLE_OBJC_ARC = YES;
				CLANG_ENABLE_OBJC_WEAK = YES;
				CLANG_WARN_BLOCK_CAPTURE_AUTORELEASING = YES;
				CLANG_WARN_BOOL_CONVERSION = YES;
				CLANG_WARN_COMMA = YES;
				CLANG_WARN_CONSTANT_CONVERSION = YES;
				CLANG_WARN_DEPRECATED_OBJC_IMPLEMENTATIONS = YES;
				CLANG_WARN_DIRECT_OBJC_ISA_USAGE = YES_ERROR;
				CLANG_WARN_DOCUMENTATION_COMMENTS = YES;
				CLANG_WARN_EMPTY_BODY = YES;
				CLANG_WARN_ENUM_CONVERSION = YES;
				CLANG_WARN_INFINITE_RECURSION = YES;
				CLANG_WARN_INT_CONVERSION = YES;
				CLANG_WARN_NON_LITERAL_NULL_CONVERSION = YES;
				CLANG_WARN_OBJC_IMPLICIT_RETAIN_SELF = YES;
				CLANG_WARN_OBJC_LITERAL_CONVERSION = YES;
				CLANG_WARN_OBJC_ROOT_CLASS = YES_ERROR;
				CLANG_WARN_RANGE_LOOP_ANALYSIS = YES;
				CLANG_WARN_STRICT_PROTOTYPES = YES;
				CLANG_WARN_SUSPICIOUS_MOVE = YES;
				CLANG_WARN_UNGUARDED_AVAILABILITY = YES_AGGRESSIVE;
				CLANG_WARN_UNREACHABLE_CODE = YES;
				CLANG_WARN__DUPLICATE_METHOD_MATCH = YES;
				CODE_SIGN_IDENTITY = "iPhone Developer";
				COPY_PHASE_STRIP = NO;
				DEBUG_INFORMATION_FORMAT = dwarf;
				ENABLE_STRICT_OBJC_MSGSEND = YES;
				ENABLE_TESTABILITY = YES;
				GCC_C_LANGUAGE_STANDARD = gnu11;
				GCC_DYNAMIC_NO_PIC = NO;
				GCC_NO_COMMON_BLOCKS = YES;
				GCC_OPTIMIZATION_LEVEL = 0;
				GCC_PREPROCESSOR_DEFINITIONS = (
					"DEBUG=1",
					"$(inherited)",
				);
				GCC_WARN_64_TO_32_BIT_CONVERSION = YES;
				GCC_WARN_ABOUT_RETURN_TYPE = YES_ERROR;
				GCC_WARN_UNDECLARED_SELECTOR = YES;
				GCC_WARN_UNINITIALIZED_AUTOS = YES_AGGRESSIVE;
				GCC_WARN_UNUSED_FUNCTION = YES;
				GCC_WARN_UNUSED_VARIABLE = YES;
				IPHONEOS_DEPLOYMENT_TARGET = 11.4;
				MTL_ENABLE_DEBUG_INFO = YES;
				ONLY_ACTIVE_ARCH = YES;
				SDKROOT = iphoneos;
				SWIFT_ACTIVE_COMPILATION_CONDITIONS = DEBUG;
				SWIFT_OPTIMIZATION_LEVEL = "-Onone";
			};
			name = Debug;
		};
		349C8EE522EBAF750037202B /* Release */ = {
			isa = XCBuildConfiguration;
			buildSettings = {
				ALWAYS_SEARCH_USER_PATHS = NO;
				CLANG_ANALYZER_NONNULL = YES;
				CLANG_ANALYZER_NUMBER_OBJECT_CONVERSION = YES_AGGRESSIVE;
				CLANG_CXX_LANGUAGE_STANDARD = "gnu++14";
				CLANG_CXX_LIBRARY = "libc++";
				CLANG_ENABLE_MODULES = YES;
				CLANG_ENABLE_OBJC_ARC = YES;
				CLANG_ENABLE_OBJC_WEAK = YES;
				CLANG_WARN_BLOCK_CAPTURE_AUTORELEASING = YES;
				CLANG_WARN_BOOL_CONVERSION = YES;
				CLANG_WARN_COMMA = YES;
				CLANG_WARN_CONSTANT_CONVERSION = YES;
				CLANG_WARN_DEPRECATED_OBJC_IMPLEMENTATIONS = YES;
				CLANG_WARN_DIRECT_OBJC_ISA_USAGE = YES_ERROR;
				CLANG_WARN_DOCUMENTATION_COMMENTS = YES;
				CLANG_WARN_EMPTY_BODY = YES;
				CLANG_WARN_ENUM_CONVERSION = YES;
				CLANG_WARN_INFINITE_RECURSION = YES;
				CLANG_WARN_INT_CONVERSION = YES;
				CLANG_WARN_NON_LITERAL_NULL_CONVERSION = YES;
				CLANG_WARN_OBJC_IMPLICIT_RETAIN_SELF = YES;
				CLANG_WARN_OBJC_LITERAL_CONVERSION = YES;
				CLANG_WARN_OBJC_ROOT_CLASS = YES_ERROR;
				CLANG_WARN_RANGE_LOOP_ANALYSIS = YES;
				CLANG_WARN_STRICT_PROTOTYPES = YES;
				CLANG_WARN_SUSPICIOUS_MOVE = YES;
				CLANG_WARN_UNGUARDED_AVAILABILITY = YES_AGGRESSIVE;
				CLANG_WARN_UNREACHABLE_CODE = YES;
				CLANG_WARN__DUPLICATE_METHOD_MATCH = YES;
				CODE_SIGN_IDENTITY = "iPhone Developer";
				COPY_PHASE_STRIP = NO;
				DEBUG_INFORMATION_FORMAT = "dwarf-with-dsym";
				ENABLE_NS_ASSERTIONS = NO;
				ENABLE_STRICT_OBJC_MSGSEND = YES;
				GCC_C_LANGUAGE_STANDARD = gnu11;
				GCC_NO_COMMON_BLOCKS = YES;
				GCC_WARN_64_TO_32_BIT_CONVERSION = YES;
				GCC_WARN_ABOUT_RETURN_TYPE = YES_ERROR;
				GCC_WARN_UNDECLARED_SELECTOR = YES;
				GCC_WARN_UNINITIALIZED_AUTOS = YES_AGGRESSIVE;
				GCC_WARN_UNUSED_FUNCTION = YES;
				GCC_WARN_UNUSED_VARIABLE = YES;
				IPHONEOS_DEPLOYMENT_TARGET = 11.4;
				MTL_ENABLE_DEBUG_INFO = NO;
				SDKROOT = iphoneos;
				SWIFT_COMPILATION_MODE = wholemodule;
				SWIFT_OPTIMIZATION_LEVEL = "-O";
				VALIDATE_PRODUCT = YES;
			};
			name = Release;
		};
		349C8EE722EBAF750037202B /* Debug */ = {
			isa = XCBuildConfiguration;
			buildSettings = {
				ASSETCATALOG_COMPILER_APPICON_NAME = AppIcon;
				CODE_SIGN_STYLE = Automatic;
				INFOPLIST_FILE = pruebagit/Info.plist;
				LD_RUNPATH_SEARCH_PATHS = (
					"$(inherited)",
					"@executable_path/Frameworks",
				);
				PRODUCT_BUNDLE_IDENTIFIER = "so-produccions.pruebagit";
				PRODUCT_NAME = "$(TARGET_NAME)";
				SWIFT_VERSION = 4.0;
				TARGETED_DEVICE_FAMILY = "1,2";
			};
			name = Debug;
		};
		349C8EE822EBAF750037202B /* Release */ = {
			isa = XCBuildConfiguration;
			buildSettings = {
				ASSETCATALOG_COMPILER_APPICON_NAME = AppIcon;
				CODE_SIGN_STYLE = Automatic;
				INFOPLIST_FILE = pruebagit/Info.plist;
				LD_RUNPATH_SEARCH_PATHS = (
					"$(inherited)",
					"@executable_path/Frameworks",
				);
				PRODUCT_BUNDLE_IDENTIFIER = "so-produccions.pruebagit";
				PRODUCT_NAME = "$(TARGET_NAME)";
				SWIFT_VERSION = 4.0;
				TARGETED_DEVICE_FAMILY = "1,2";
			};
			name = Release;
		};
		349C8EEA22EBAF750037202B /* Debug */ = {
			isa = XCBuildConfiguration;
			buildSettings = {
				ALWAYS_EMBED_SWIFT_STANDARD_LIBRARIES = YES;
				BUNDLE_LOADER = "$(TEST_HOST)";
				CODE_SIGN_STYLE = Automatic;
				INFOPLIST_FILE = pruebagitTests/Info.plist;
				LD_RUNPATH_SEARCH_PATHS = (
					"$(inherited)",
					"@executable_path/Frameworks",
					"@loader_path/Frameworks",
				);
				PRODUCT_BUNDLE_IDENTIFIER = "so-produccions.pruebagitTests";
				PRODUCT_NAME = "$(TARGET_NAME)";
				SWIFT_VERSION = 4.0;
				TARGETED_DEVICE_FAMILY = "1,2";
				TEST_HOST = "$(BUILT_PRODUCTS_DIR)/pruebagit.app/pruebagit";
			};
			name = Debug;
		};
		349C8EEB22EBAF750037202B /* Release */ = {
			isa = XCBuildConfiguration;
			buildSettings = {
				ALWAYS_EMBED_SWIFT_STANDARD_LIBRARIES = YES;
				BUNDLE_LOADER = "$(TEST_HOST)";
				CODE_SIGN_STYLE = Automatic;
				INFOPLIST_FILE = pruebagitTests/Info.plist;
				LD_RUNPATH_SEARCH_PATHS = (
					"$(inherited)",
					"@executable_path/Frameworks",
					"@loader_path/Frameworks",
				);
				PRODUCT_BUNDLE_IDENTIFIER = "so-produccions.pruebagitTests";
				PRODUCT_NAME = "$(TARGET_NAME)";
				SWIFT_VERSION = 4.0;
				TARGETED_DEVICE_FAMILY = "1,2";
				TEST_HOST = "$(BUILT_PRODUCTS_DIR)/pruebagit.app/pruebagit";
			};
			name = Release;
		};
		349C8EED22EBAF750037202B /* Debug */ = {
			isa = XCBuildConfiguration;
			buildSettings = {
				ALWAYS_EMBED_SWIFT_STANDARD_LIBRARIES = YES;
				CODE_SIGN_STYLE = Automatic;
				INFOPLIST_FILE = pruebagitUITests/Info.plist;
				LD_RUNPATH_SEARCH_PATHS = (
					"$(inherited)",
					"@executable_path/Frameworks",
					"@loader_path/Frameworks",
				);
				PRODUCT_BUNDLE_IDENTIFIER = "so-produccions.pruebagitUITests";
				PRODUCT_NAME = "$(TARGET_NAME)";
				SWIFT_VERSION = 4.0;
				TARGETED_DEVICE_FAMILY = "1,2";
				TEST_TARGET_NAME = pruebagit;
			};
			name = Debug;
		};
		349C8EEE22EBAF750037202B /* Release */ = {
			isa = XCBuildConfiguration;
			buildSettings = {
				ALWAYS_EMBED_SWIFT_STANDARD_LIBRARIES = YES;
				CODE_SIGN_STYLE = Automatic;
				INFOPLIST_FILE = pruebagitUITests/Info.plist;
				LD_RUNPATH_SEARCH_PATHS = (
					"$(inherited)",
					"@executable_path/Frameworks",
					"@loader_path/Frameworks",
				);
				PRODUCT_BUNDLE_IDENTIFIER = "so-produccions.pruebagitUITests";
				PRODUCT_NAME = "$(TARGET_NAME)";
				SWIFT_VERSION = 4.0;
				TARGETED_DEVICE_FAMILY = "1,2";
				TEST_TARGET_NAME = pruebagit;
			};
			name = Release;
		};
/* End XCBuildConfiguration section */

/* Begin XCConfigurationList section */
		349C8EB922EBAF730037202B /* Build configuration list for PBXProject "pruebagit" */ = {
			isa = XCConfigurationList;
			buildConfigurations = (
				349C8EE422EBAF750037202B /* Debug */,
				349C8EE522EBAF750037202B /* Release */,
			);
			defaultConfigurationIsVisible = 0;
			defaultConfigurationName = Release;
		};
		349C8EE622EBAF750037202B /* Build configuration list for PBXNativeTarget "pruebagit" */ = {
			isa = XCConfigurationList;
			buildConfigurations = (
				349C8EE722EBAF750037202B /* Debug */,
				349C8EE822EBAF750037202B /* Release */,
			);
			defaultConfigurationIsVisible = 0;
			defaultConfigurationName = Release;
		};
		349C8EE922EBAF750037202B /* Build configuration list for PBXNativeTarget "pruebagitTests" */ = {
			isa = XCConfigurationList;
			buildConfigurations = (
				349C8EEA22EBAF750037202B /* Debug */,
				349C8EEB22EBAF750037202B /* Release */,
			);
			defaultConfigurationIsVisible = 0;
			defaultConfigurationName = Release;
		};
		349C8EEC22EBAF750037202B /* Build configuration list for PBXNativeTarget "pruebagitUITests" */ = {
			isa = XCConfigurationList;
			buildConfigurations = (
				349C8EED22EBAF750037202B /* Debug */,
				349C8EEE22EBAF750037202B /* Release */,
			);
			defaultConfigurationIsVisible = 0;
			defaultConfigurationName = Release;
		};
/* End XCConfigurationList section */
	};
	rootObject = 349C8EB622EBAF730037202B /* Project object */;
}
